
Microsoft Visual Studio Solution File, Format Version 12.00
# Visual Studio 15
VisualStudioVersion = 15.0.28307.705
MinimumVisualStudioVersion = 10.0.40219.1
Project("{FAE04EC0-301F-11D3-BF4B-00C04F79EFBC}") = "conversiongrados", "conversiongrados\conversiongrados.csproj", "{CFBDB0E5-E56F-4046-A75C-F5477FA71822}"
EndProject
Global
	GlobalSection(SolutionConfigurationPlatforms) = preSolution
		Debug|Any CPU = Debug|Any CPU
		Release|Any CPU = Release|Any CPU
	EndGlobalSection
	GlobalSection(ProjectConfigurationPlatforms) = postSolution
		{CFBDB0E5-E56F-4046-A75C-F5477FA71822}.Debug|Any CPU.ActiveCfg = Debug|Any CPU
		{CFBDB0E5-E56F-4046-A75C-F5477FA71822}.Debug|Any CPU.Build.0 = Debug|Any CPU
		{CFBDB0E5-E56F-4046-A75C-F5477FA71822}.Release|Any CPU.ActiveCfg = Release|Any CPU
		{CFBDB0E5-E56F-4046-A75C-F5477FA71822}.Release|Any CPU.Build.0 = Release|Any CPU
	EndGlobalSection
	GlobalSection(SolutionProperties) = preSolution
		HideSolutionNode = FALSE
	EndGlobalSection
	GlobalSection(ExtensibilityGlobals) = postSolution
		SolutionGuid = {229D4FC2-28FC-47E9-9110-324996498A46}
	EndGlobalSection
EndGlobal
